github.com/mantlekeep/mantlekeep/mantlekeep-control v0.1.3 h1:G4k1oz2nIzRYZmlIM8kfVAi0oaqOQ605M+auQ7vlMLE=
github.com/mantlekeep/mantlekeep/mantlekeep-control v0.1.3/go.mod h1:tOanR7INZzwQNpygvfAsDlIWTibXcord0703MMCYmZc=
github.com/mantlekeep/mantlekeep/mantlekeep-estate v0.1.0 h1:Eju9V8A3BhtM9KobygcrfbnEN2P6K7O+Xf1NGho6Zq0=
github.com/mantlekeep/mantlekeep/mantlekeep-estate v0.1.0/go.mod h1:eFK1QE9APHaxIgEcPOWLRpf7an2pWaiHb2RAJAapRuU=
